
Microsoft Visual Studio Solution File, Format Version 12.00
# Visual Studio 15
VisualStudioVersion = 15.0.27130.2036
MinimumVisualStudioVersion = 10.0.40219.1
Project("{FAE04EC0-301F-11D3-BF4B-00C04F79EFBC}") = "Demo_WinForms_Calculators", "Demo_WinForms_Calculators\Demo_WinForms_Calculators.csproj", "{39D93A98-5B30-4266-AE77-12C41564B689}"
EndProject
Global
	GlobalSection(SolutionConfigurationPlatforms) = preSolution
		Debug|Any CPU = Debug|Any CPU
		Release|Any CPU = Release|Any CPU
	EndGlobalSection
	GlobalSection(ProjectConfigurationPlatforms) = postSolution
		{39D93A98-5B30-4266-AE77-12C41564B689}.Debug|Any CPU.ActiveCfg = Debug|Any CPU
		{39D93A98-5B30-4266-AE77-12C41564B689}.Debug|Any CPU.Build.0 = Debug|Any CPU
		{39D93A98-5B30-4266-AE77-12C41564B689}.Release|Any CPU.ActiveCfg = Release|Any CPU
		{39D93A98-5B30-4266-AE77-12C41564B689}.Release|Any CPU.Build.0 = Release|Any CPU
	EndGlobalSection
	GlobalSection(SolutionProperties) = preSolution
		HideSolutionNode = FALSE
	EndGlobalSection
	GlobalSection(ExtensibilityGlobals) = postSolution
		SolutionGuid = {C853873E-639B-45D1-A274-87613717B692}
	EndGlobalSection
EndGlobal
